PODS:
  - Alamofire (5.8.1)
  - FSCalendar (2.8.4)
  - KakaoSDKAuth (2.18.2):
    - KakaoSDKCommon (= 2.18.2)
  - KakaoSDKCommon (2.18.2):
    - KakaoSDKCommon/Common (= 2.18.2)
    - KakaoSDKCommon/Network (= 2.18.2)
  - KakaoSDKCommon/Common (2.18.2)
  - KakaoSDKCommon/Network (2.18.2):
    - Alamofire (~> 5.1)
    - KakaoSDKCommon/Common (= 2.18.2)
  - KakaoSDKUser (2.18.2):
    - KakaoSDKAuth (= 2.18.2)
  - Switches (3.0.0)

DEPENDENCIES:
  - FSCalendar
  - KakaoSDKAuth
  - KakaoSDKCommon
  - KakaoSDKUser
  - Switches

SPEC REPOS:
  trunk:
    - Alamofire
    - FSCalendar
    - KakaoSDKAuth
    - KakaoSDKCommon
    - KakaoSDKUser
    - Switches

SPEC CHECKSUMS:
  Alamofire: 3ca42e259043ee0dc5c0cdd76c4bc568b8e42af7
  FSCalendar: 2d1d0d9398f12d439f55c1fe0f01525b151b8260
  KakaoSDKAuth: 3daf72ec463876e0fe6d0d37c7d6b0b2729169f1
  KakaoSDKCommon: 516f68bc6b223ed502c34a362d6ecc9145e0dcc0
  KakaoSDKUser: 5b0826033381d314f550dd90fbf70d3612044ad6
  Switches: 6d54f7cafb1b7d7c405b19cf7b3de925742d0a55

PODFILE CHECKSUM: 6ba3ff32814090876246f5687424b4d1cb23b360

COCOAPODS: 1.12.1
