// !$*UTF8*$!
{
	archiveVersion = 1;
	classes = {
	};
	objectVersion = 56;
	objects = {

/* Begin PBXBuildFile section */
		0A12ECB72AEE2A4300F79C06 /* NutritionResultViewController.swift in Sources */ = {isa = PBXBuildFile; fileRef = 0A12ECB62AEE2A4300F79C06 /* NutritionResultViewController.swift */; };
		0A32578D2AE8DED80055CE6F /* AppDelegate.swift in Sources */ = {isa = PBXBuildFile; fileRef = 0A32578C2AE8DED80055CE6F /* AppDelegate.swift */; };
		0A32578F2AE8DED80055CE6F /* SceneDelegate.swift in Sources */ = {isa = PBXBuildFile; fileRef = 0A32578E2AE8DED80055CE6F /* SceneDelegate.swift */; };
		0A3257942AE8DED80055CE6F /* Main.storyboard in Resources */ = {isa = PBXBuildFile; fileRef = 0A3257922AE8DED80055CE6F /* Main.storyboard */; };
		0A3257962AE8DED90055CE6F /* Assets.xcassets in Resources */ = {isa = PBXBuildFile; fileRef = 0A3257952AE8DED90055CE6F /* Assets.xcassets */; };
		0A3257992AE8DED90055CE6F /* LaunchScreen.storyboard in Resources */ = {isa = PBXBuildFile; fileRef = 0A3257972AE8DED90055CE6F /* LaunchScreen.storyboard */; };
		0A3257A12AE8E0A10055CE6F /* LoginViewController.swift in Sources */ = {isa = PBXBuildFile; fileRef = 0A3257A02AE8E0A10055CE6F /* LoginViewController.swift */; };
		0A3257A32AE8F0CA0055CE6F /* NutritionStatisticsViewController.swift in Sources */ = {isa = PBXBuildFile; fileRef = 0A3257A22AE8F0CA0055CE6F /* NutritionStatisticsViewController.swift */; };
		0A3257A52AE8F1CB0055CE6F /* ProfileViewController.swift in Sources */ = {isa = PBXBuildFile; fileRef = 0A3257A42AE8F1CB0055CE6F /* ProfileViewController.swift */; };
		0A3257A72AE8F6550055CE6F /* TabBarController.swift in Sources */ = {isa = PBXBuildFile; fileRef = 0A3257A62AE8F6550055CE6F /* TabBarController.swift */; };
		0A3257AA2AE8F8EE0055CE6F /* TabBar.swift in Sources */ = {isa = PBXBuildFile; fileRef = 0A3257A82AE8F8180055CE6F /* TabBar.swift */; };
		0A370AB72AECDC5600D6DA66 /* CaptureImgViewController.swift in Sources */ = {isa = PBXBuildFile; fileRef = 0A370AB62AECDC5600D6DA66 /* CaptureImgViewController.swift */; };
		0A3BD7C42BDCC96100913A7B /* CaptureType.swift in Sources */ = {isa = PBXBuildFile; fileRef = 0A3BD7C32BDCC96100913A7B /* CaptureType.swift */; };
		0A77B8D72B0372E2001BCF04 /* TodayNutriInfoDTO.swift in Sources */ = {isa = PBXBuildFile; fileRef = 0A77B8D62B0372E2001BCF04 /* TodayNutriInfoDTO.swift */; };
		0A77B8D92B038F03001BCF04 /* NutritionStatusManager.swift in Sources */ = {isa = PBXBuildFile; fileRef = 0A77B8D82B038F03001BCF04 /* NutritionStatusManager.swift */; };
		0A8C4F2F2AFA17B400AC5516 /* menuTableViewCell.swift in Sources */ = {isa = PBXBuildFile; fileRef = 0A8C4F2D2AFA17B400AC5516 /* menuTableViewCell.swift */; };
		0A8C4F302AFA17B400AC5516 /* menuTableViewCell.xib in Resources */ = {isa = PBXBuildFile; fileRef = 0A8C4F2E2AFA17B400AC5516 /* menuTableViewCell.xib */; };
		0A8C4F322AFA1BDA00AC5516 /* MenuData.swift in Sources */ = {isa = PBXBuildFile; fileRef = 0A8C4F312AFA1BDA00AC5516 /* MenuData.swift */; };
		0AB2C4092B02184800F05AF6 /* UIImageExtensioin.swift in Sources */ = {isa = PBXBuildFile; fileRef = 0AB2C4082B02184800F05AF6 /* UIImageExtensioin.swift */; };
		0ABD0B652AE9020D00E726EF /* SmartlensViewController.swift in Sources */ = {isa = PBXBuildFile; fileRef = 0ABD0B642AE9020D00E726EF /* SmartlensViewController.swift */; };
		F960322BA922B33655A4AFBA /* Pods_konmechu.framework in Frameworks */ = {isa = PBXBuildFile; fileRef = 6321D062997223976F40C8E6 /* Pods_konmechu.framework */; };
/* End PBXBuildFile section */

/* Begin PBXFileReference section */
		0A12ECB62AEE2A4300F79C06 /* NutritionResultViewController.swift */ = {isa = PBXFileReference; lastKnownFileType = sourcecode.swift; path = NutritionResultViewController.swift; sourceTree = "<group>"; };
		0A3257892AE8DED80055CE6F /* konmechu.app */ = {isa = PBXFileReference; explicitFileType = wrapper.application; includeInIndex = 0; path = konmechu.app; sourceTree = BUILT_PRODUCTS_DIR; };
		0A32578C2AE8DED80055CE6F /* AppDelegate.swift */ = {isa = PBXFileReference; lastKnownFileType = sourcecode.swift; path = AppDelegate.swift; sourceTree = "<group>"; };
		0A32578E2AE8DED80055CE6F /* SceneDelegate.swift */ = {isa = PBXFileReference; lastKnownFileType = sourcecode.swift; path = SceneDelegate.swift; sourceTree = "<group>"; };
		0A3257932AE8DED80055CE6F /* Base */ = {isa = PBXFileReference; lastKnownFileType = file.storyboard; name = Base; path = Base.lproj/Main.storyboard; sourceTree = "<group>"; };
		0A3257952AE8DED90055CE6F /* Assets.xcassets */ = {isa = PBXFileReference; lastKnownFileType = folder.assetcatalog; path = Assets.xcassets; sourceTree = "<group>"; };
		0A3257982AE8DED90055CE6F /* Base */ = {isa = PBXFileReference; lastKnownFileType = file.storyboard; name = Base; path = Base.lproj/LaunchScreen.storyboard; sourceTree = "<group>"; };
		0A32579A2AE8DED90055CE6F /* Info.plist */ = {isa = PBXFileReference; lastKnownFileType = text.plist.xml; path = Info.plist; sourceTree = "<group>"; };
		0A3257A02AE8E0A10055CE6F /* LoginViewController.swift */ = {isa = PBXFileReference; lastKnownFileType = sourcecode.swift; path = LoginViewController.swift; sourceTree = "<group>"; };
		0A3257A22AE8F0CA0055CE6F /* NutritionStatisticsViewController.swift */ = {isa = PBXFileReference; lastKnownFileType = sourcecode.swift; path = NutritionStatisticsViewController.swift; sourceTree = "<group>"; };
		0A3257A42AE8F1CB0055CE6F /* ProfileViewController.swift */ = {isa = PBXFileReference; lastKnownFileType = sourcecode.swift; path = ProfileViewController.swift; sourceTree = "<group>"; };
		0A3257A62AE8F6550055CE6F /* TabBarController.swift */ = {isa = PBXFileReference; lastKnownFileType = sourcecode.swift; path = TabBarController.swift; sourceTree = "<group>"; };
		0A3257A82AE8F8180055CE6F /* TabBar.swift */ = {isa = PBXFileReference; lastKnownFileType = sourcecode.swift; path = TabBar.swift; sourceTree = "<group>"; };
		0A370AB62AECDC5600D6DA66 /* CaptureImgViewController.swift */ = {isa = PBXFileReference; lastKnownFileType = sourcecode.swift; path = CaptureImgViewController.swift; sourceTree = "<group>"; };
		0A376A512BCCD1F800AEF3EF /* Config.xcconfig */ = {isa = PBXFileReference; lastKnownFileType = text.xcconfig; path = Config.xcconfig; sourceTree = "<group>"; };
		0A3BD7C32BDCC96100913A7B /* CaptureType.swift */ = {isa = PBXFileReference; lastKnownFileType = sourcecode.swift; path = CaptureType.swift; sourceTree = "<group>"; };
		0A4BED872AFBC15A0081AF3A /* NutritionData.swift */ = {isa = PBXFileReference; lastKnownFileType = sourcecode.swift; path = NutritionData.swift; sourceTree = "<group>"; };
		0A77B8D62B0372E2001BCF04 /* TodayNutriInfoDTO.swift */ = {isa = PBXFileReference; lastKnownFileType = sourcecode.swift; path = TodayNutriInfoDTO.swift; sourceTree = "<group>"; };
		0A77B8D82B038F03001BCF04 /* NutritionStatusManager.swift */ = {isa = PBXFileReference; lastKnownFileType = sourcecode.swift; path = NutritionStatusManager.swift; sourceTree = "<group>"; };
		0A8C4F2D2AFA17B400AC5516 /* menuTableViewCell.swift */ = {isa = PBXFileReference; lastKnownFileType = sourcecode.swift; path = menuTableViewCell.swift; sourceTree = "<group>"; };
		0A8C4F2E2AFA17B400AC5516 /* menuTableViewCell.xib */ = {isa = PBXFileReference; lastKnownFileType = file.xib; path = menuTableViewCell.xib; sourceTree = "<group>"; };
		0A8C4F312AFA1BDA00AC5516 /* MenuData.swift */ = {isa = PBXFileReference; lastKnownFileType = sourcecode.swift; path = MenuData.swift; sourceTree = "<group>"; };
		0AB2C4082B02184800F05AF6 /* UIImageExtensioin.swift */ = {isa = PBXFileReference; lastKnownFileType = sourcecode.swift; path = UIImageExtensioin.swift; sourceTree = "<group>"; };
		0ABD0B642AE9020D00E726EF /* SmartlensViewController.swift */ = {isa = PBXFileReference; lastKnownFileType = sourcecode.swift; path = SmartlensViewController.swift; sourceTree = "<group>"; };
		275EE35FBD15DDEB033E5C3C /* Pods-konmechu.release.xcconfig */ = {isa = PBXFileReference; includeInIndex = 1; lastKnownFileType = text.xcconfig; name = "Pods-konmechu.release.xcconfig"; path = "Target Support Files/Pods-konmechu/Pods-konmechu.release.xcconfig"; sourceTree = "<group>"; };
		6321D062997223976F40C8E6 /* Pods_konmechu.framework */ = {isa = PBXFileReference; explicitFileType = wrapper.framework; includeInIndex = 0; path = Pods_konmechu.framework; sourceTree = BUILT_PRODUCTS_DIR; };
		9052022BBC9AB9955249CC34 /* Pods-konmechu.debug.xcconfig */ = {isa = PBXFileReference; includeInIndex = 1; lastKnownFileType = text.xcconfig; name = "Pods-konmechu.debug.xcconfig"; path = "Target Support Files/Pods-konmechu/Pods-konmechu.debug.xcconfig"; sourceTree = "<group>"; };
/* End PBXFileReference section */

/* Begin PBXFrameworksBuildPhase section */
		0A3257862AE8DED80055CE6F /* Frameworks */ = {
			isa = PBXFrameworksBuildPhase;
			buildActionMask = 2147483647;
			files = (
				F960322BA922B33655A4AFBA /* Pods_konmechu.framework in Frameworks */,
			);
			runOnlyForDeploymentPostprocessing = 0;
		};
/* End PBXFrameworksBuildPhase section */

/* Begin PBXGroup section */
		0A3257802AE8DED80055CE6F = {
			isa = PBXGroup;
			children = (
				0A32578B2AE8DED80055CE6F /* konmechu */,
				0A32578A2AE8DED80055CE6F /* Products */,
				E6A0255F03B2CD3003A7AFC2 /* Pods */,
				318EDB9886B2CD7F29EFA59A /* Frameworks */,
				0A953E6A2B034EC300FDF032 /* Recovered References */,
			);
			sourceTree = "<group>";
		};
		0A32578A2AE8DED80055CE6F /* Products */ = {
			isa = PBXGroup;
			children = (
				0A3257892AE8DED80055CE6F /* konmechu.app */,
			);
			name = Products;
			sourceTree = "<group>";
		};
		0A32578B2AE8DED80055CE6F /* konmechu */ = {
			isa = PBXGroup;
			children = (
				0AAC30412BCCF04C00D4B9D3 /* tableViewCell */,
				0AAC30402BCCF01800D4B9D3 /* common */,
				0AAC303F2BCCEFBF00D4B9D3 /* viewController */,
				0A32578C2AE8DED80055CE6F /* AppDelegate.swift */,
				0A32578E2AE8DED80055CE6F /* SceneDelegate.swift */,
				0A3257922AE8DED80055CE6F /* Main.storyboard */,
				0A3257952AE8DED90055CE6F /* Assets.xcassets */,
				0A3257972AE8DED90055CE6F /* LaunchScreen.storyboard */,
				0A32579A2AE8DED90055CE6F /* Info.plist */,
				0A3257A62AE8F6550055CE6F /* TabBarController.swift */,
				0A3257A82AE8F8180055CE6F /* TabBar.swift */,
			);
			path = konmechu;
			sourceTree = "<group>";
		};
		0A953E6A2B034EC300FDF032 /* Recovered References */ = {
			isa = PBXGroup;
			children = (
				0A4BED872AFBC15A0081AF3A /* NutritionData.swift */,
			);
			name = "Recovered References";
			sourceTree = "<group>";
		};
		0AAC303F2BCCEFBF00D4B9D3 /* viewController */ = {
			isa = PBXGroup;
			children = (
				0A12ECB62AEE2A4300F79C06 /* NutritionResultViewController.swift */,
				0A370AB62AECDC5600D6DA66 /* CaptureImgViewController.swift */,
				0ABD0B642AE9020D00E726EF /* SmartlensViewController.swift */,
				0A3257A42AE8F1CB0055CE6F /* ProfileViewController.swift */,
				0A3257A22AE8F0CA0055CE6F /* NutritionStatisticsViewController.swift */,
				0A3257A02AE8E0A10055CE6F /* LoginViewController.swift */,
			);
			path = viewController;
			sourceTree = "<group>";
		};
		0AAC30402BCCF01800D4B9D3 /* common */ = {
			isa = PBXGroup;
			children = (
				0AAC30432BCCF11200D4B9D3 /* dto */,
				0AAC30422BCCF0BC00D4B9D3 /* utils */,
				0A8C4F312AFA1BDA00AC5516 /* MenuData.swift */,
				0A3BD7C32BDCC96100913A7B /* CaptureType.swift */,
			);
			path = common;
			sourceTree = "<group>";
		};
		0AAC30412BCCF04C00D4B9D3 /* tableViewCell */ = {
			isa = PBXGroup;
			children = (
				0A8C4F2E2AFA17B400AC5516 /* menuTableViewCell.xib */,
				0A8C4F2D2AFA17B400AC5516 /* menuTableViewCell.swift */,
			);
			path = tableViewCell;
			sourceTree = "<group>";
		};
		0AAC30422BCCF0BC00D4B9D3 /* utils */ = {
			isa = PBXGroup;
			children = (
				0A77B8D82B038F03001BCF04 /* NutritionStatusManager.swift */,
				0AB2C4082B02184800F05AF6 /* UIImageExtensioin.swift */,
			);
			path = utils;
			sourceTree = "<group>";
		};
		0AAC30432BCCF11200D4B9D3 /* dto */ = {
			isa = PBXGroup;
			children = (
				0A77B8D62B0372E2001BCF04 /* TodayNutriInfoDTO.swift */,
			);
			path = dto;
			sourceTree = "<group>";
		};
		318EDB9886B2CD7F29EFA59A /* Frameworks */ = {
			isa = PBXGroup;
			children = (
				6321D062997223976F40C8E6 /* Pods_konmechu.framework */,
			);
			name = Frameworks;
			sourceTree = "<group>";
		};
		E6A0255F03B2CD3003A7AFC2 /* Pods */ = {
			isa = PBXGroup;
			children = (
				9052022BBC9AB9955249CC34 /* Pods-konmechu.debug.xcconfig */,
				275EE35FBD15DDEB033E5C3C /* Pods-konmechu.release.xcconfig */,
				0A376A512BCCD1F800AEF3EF /* Config.xcconfig */,
			);
			path = Pods;
			sourceTree = "<group>";
		};
/* End PBXGroup section */

/* Begin PBXNativeTarget section */
		0A3257882AE8DED80055CE6F /* konmechu */ = {
			isa = PBXNativeTarget;
			buildConfigurationList = 0A32579D2AE8DED90055CE6F /* Build configuration list for PBXNativeTarget "konmechu" */;
			buildPhases = (
				3EA421E03BCC6742F5A07A1D /* [CP] Check Pods Manifest.lock */,
				0A3257852AE8DED80055CE6F /* Sources */,
				0A3257862AE8DED80055CE6F /* Frameworks */,
				0A3257872AE8DED80055CE6F /* Resources */,
				70B66BE5226F4ACD7F7ACC4F /* [CP] Embed Pods Frameworks */,
			);
			buildRules = (
			);
			dependencies = (
			);
			name = konmechu;
			productName = konmechu;
			productReference = 0A3257892AE8DED80055CE6F /* konmechu.app */;
			productType = "com.apple.product-type.application";
		};
/* End PBXNativeTarget section */

/* Begin PBXProject section */
		0A3257812AE8DED80055CE6F /* Project object */ = {
			isa = PBXProject;
			attributes = {
				BuildIndependentTargetsInParallel = 1;
				LastSwiftUpdateCheck = 1500;
				LastUpgradeCheck = 1500;
				TargetAttributes = {
					0A3257882AE8DED80055CE6F = {
						CreatedOnToolsVersion = 15.0.1;
					};
				};
			};
			buildConfigurationList = 0A3257842AE8DED80055CE6F /* Build configuration list for PBXProject "konmechu" */;
			compatibilityVersion = "Xcode 14.0";
			developmentRegion = en;
			hasScannedForEncodings = 0;
			knownRegions = (
				en,
				Base,
			);
			mainGroup = 0A3257802AE8DED80055CE6F;
			productRefGroup = 0A32578A2AE8DED80055CE6F /* Products */;
			projectDirPath = "";
			projectRoot = "";
			targets = (
				0A3257882AE8DED80055CE6F /* konmechu */,
			);
		};
/* End PBXProject section */

/* Begin PBXResourcesBuildPhase section */
		0A3257872AE8DED80055CE6F /* Resources */ = {
			isa = PBXResourcesBuildPhase;
			buildActionMask = 2147483647;
			files = (
				0A3257992AE8DED90055CE6F /* LaunchScreen.storyboard in Resources */,
				0A3257962AE8DED90055CE6F /* Assets.xcassets in Resources */,
				0A8C4F302AFA17B400AC5516 /* menuTableViewCell.xib in Resources */,
				0A3257942AE8DED80055CE6F /* Main.storyboard in Resources */,
			);
			runOnlyForDeploymentPostprocessing = 0;
		};
/* End PBXResourcesBuildPhase section */

/* Begin PBXShellScriptBuildPhase section */
		3EA421E03BCC6742F5A07A1D /* [CP] Check Pods Manifest.lock */ = {
			isa = PBXShellScriptBuildPhase;
			buildActionMask = 2147483647;
			files = (
			);
			inputFileListPaths = (
			);
			inputPaths = (
				"${PODS_PODFILE_DIR_PATH}/Podfile.lock",
				"${PODS_ROOT}/Manifest.lock",
			);
			name = "[CP] Check Pods Manifest.lock";
			outputFileListPaths = (
			);
			outputPaths = (
				"$(DERIVED_FILE_DIR)/Pods-konmechu-checkManifestLockResult.txt",
			);
			runOnlyForDeploymentPostprocessing = 0;
			shellPath = /bin/sh;
			shellScript = "diff \"${PODS_PODFILE_DIR_PATH}/Podfile.lock\" \"${PODS_ROOT}/Manifest.lock\" > /dev/null\nif [ $? != 0 ] ; then\n    # print error to STDERR\n    echo \"error: The sandbox is not in sync with the Podfile.lock. Run 'pod install' or update your CocoaPods installation.\" >&2\n    exit 1\nfi\n# This output is used by Xcode 'outputs' to avoid re-running this script phase.\necho \"SUCCESS\" > \"${SCRIPT_OUTPUT_FILE_0}\"\n";
			showEnvVarsInLog = 0;
		};
		70B66BE5226F4ACD7F7ACC4F /* [CP] Embed Pods Frameworks */ = {
			isa = PBXShellScriptBuildPhase;
			buildActionMask = 2147483647;
			files = (
			);
			inputFileListPaths = (
				"${PODS_ROOT}/Target Support Files/Pods-konmechu/Pods-konmechu-frameworks-${CONFIGURATION}-input-files.xcfilelist",
			);
			name = "[CP] Embed Pods Frameworks";
			outputFileListPaths = (
				"${PODS_ROOT}/Target Support Files/Pods-konmechu/Pods-konmechu-frameworks-${CONFIGURATION}-output-files.xcfilelist",
			);
			runOnlyForDeploymentPostprocessing = 0;
			shellPath = /bin/sh;
			shellScript = "\"${PODS_ROOT}/Target Support Files/Pods-konmechu/Pods-konmechu-frameworks.sh\"\n";
			showEnvVarsInLog = 0;
		};
/* End PBXShellScriptBuildPhase section */

/* Begin PBXSourcesBuildPhase section */
		0A3257852AE8DED80055CE6F /* Sources */ = {
			isa = PBXSourcesBuildPhase;
			buildActionMask = 2147483647;
			files = (
				0A3257A52AE8F1CB0055CE6F /* ProfileViewController.swift in Sources */,
				0A3257AA2AE8F8EE0055CE6F /* TabBar.swift in Sources */,
				0A3BD7C42BDCC96100913A7B /* CaptureType.swift in Sources */,
				0AB2C4092B02184800F05AF6 /* UIImageExtensioin.swift in Sources */,
				0A3257A72AE8F6550055CE6F /* TabBarController.swift in Sources */,
				0A3257A12AE8E0A10055CE6F /* LoginViewController.swift in Sources */,
				0A8C4F322AFA1BDA00AC5516 /* MenuData.swift in Sources */,
				0A77B8D72B0372E2001BCF04 /* TodayNutriInfoDTO.swift in Sources */,
				0A12ECB72AEE2A4300F79C06 /* NutritionResultViewController.swift in Sources */,
				0A77B8D92B038F03001BCF04 /* NutritionStatusManager.swift in Sources */,
				0ABD0B652AE9020D00E726EF /* SmartlensViewController.swift in Sources */,
				0A32578D2AE8DED80055CE6F /* AppDelegate.swift in Sources */,
				0A32578F2AE8DED80055CE6F /* SceneDelegate.swift in Sources */,
				0A3257A32AE8F0CA0055CE6F /* NutritionStatisticsViewController.swift in Sources */,
				0A8C4F2F2AFA17B400AC5516 /* menuTableViewCell.swift in Sources */,
				0A370AB72AECDC5600D6DA66 /* CaptureImgViewController.swift in Sources */,
			);
			runOnlyForDeploymentPostprocessing = 0;
		};
/* End PBXSourcesBuildPhase section */

/* Begin PBXVariantGroup section */
		0A3257922AE8DED80055CE6F /* Main.storyboard */ = {
			isa = PBXVariantGroup;
			children = (
				0A3257932AE8DED80055CE6F /* Base */,
			);
			name = Main.storyboard;
			sourceTree = "<group>";
		};
		0A3257972AE8DED90055CE6F /* LaunchScreen.storyboard */ = {
			isa = PBXVariantGroup;
			children = (
				0A3257982AE8DED90055CE6F /* Base */,
			);
			name = LaunchScreen.storyboard;
			sourceTree = "<group>";
		};
/* End PBXVariantGroup section */

/* Begin XCBuildConfiguration section */
		0A32579B2AE8DED90055CE6F /* Debug */ = {
			isa = XCBuildConfiguration;
			buildSettings = {
				ALWAYS_SEARCH_USER_PATHS = NO;
				ASSETCATALOG_COMPILER_GENERATE_SWIFT_ASSET_SYMBOL_EXTENSIONS = YES;
				CLANG_ANALYZER_NONNULL = YES;
				CLANG_ANALYZER_NUMBER_OBJECT_CONVERSION = YES_AGGRESSIVE;
				CLANG_CXX_LANGUAGE_STANDARD = "gnu++20";
				CLANG_ENABLE_MODULES = YES;
				CLANG_ENABLE_OBJC_ARC = YES;
				CLANG_ENABLE_OBJC_WEAK = YES;
				CLANG_WARN_BLOCK_CAPTURE_AUTORELEASING = YES;
				CLANG_WARN_BOOL_CONVERSION = YES;
				CLANG_WARN_COMMA = YES;
				CLANG_WARN_CONSTANT_CONVERSION = YES;
				CLANG_WARN_DEPRECATED_OBJC_IMPLEMENTATIONS = YES;
				CLANG_WARN_DIRECT_OBJC_ISA_USAGE = YES_ERROR;
				CLANG_WARN_DOCUMENTATION_COMMENTS = YES;
				CLANG_WARN_EMPTY_BODY = YES;
				CLANG_WARN_ENUM_CONVERSION = YES;
				CLANG_WARN_INFINITE_RECURSION = YES;
				CLANG_WARN_INT_CONVERSION = YES;
				CLANG_WARN_NON_LITERAL_NULL_CONVERSION = YES;
				CLANG_WARN_OBJC_IMPLICIT_RETAIN_SELF = YES;
				CLANG_WARN_OBJC_LITERAL_CONVERSION = YES;
				CLANG_WARN_OBJC_ROOT_CLASS = YES_ERROR;
				CLANG_WARN_QUOTED_INCLUDE_IN_FRAMEWORK_HEADER = YES;
				CLANG_WARN_RANGE_LOOP_ANALYSIS = YES;
				CLANG_WARN_STRICT_PROTOTYPES = YES;
				CLANG_WARN_SUSPICIOUS_MOVE = YES;
				CLANG_WARN_UNGUARDED_AVAILABILITY = YES_AGGRESSIVE;
				CLANG_WARN_UNREACHABLE_CODE = YES;
				CLANG_WARN__DUPLICATE_METHOD_MATCH = YES;
				COPY_PHASE_STRIP = NO;
				DEBUG_INFORMATION_FORMAT = dwarf;
				ENABLE_STRICT_OBJC_MSGSEND = YES;
				ENABLE_TESTABILITY = YES;
				ENABLE_USER_SCRIPT_SANDBOXING = NO;
				GCC_C_LANGUAGE_STANDARD = gnu17;
				GCC_DYNAMIC_NO_PIC = NO;
				GCC_NO_COMMON_BLOCKS = YES;
				GCC_OPTIMIZATION_LEVEL = 0;
				GCC_PREPROCESSOR_DEFINITIONS = (
					"DEBUG=1",
					"$(inherited)",
				);
				GCC_WARN_64_TO_32_BIT_CONVERSION = YES;
				GCC_WARN_ABOUT_RETURN_TYPE = YES_ERROR;
				GCC_WARN_UNDECLARED_SELECTOR = YES;
				GCC_WARN_UNINITIALIZED_AUTOS = YES_AGGRESSIVE;
				GCC_WARN_UNUSED_FUNCTION = YES;
				GCC_WARN_UNUSED_VARIABLE = YES;
				IPHONEOS_DEPLOYMENT_TARGET = 17.0;
				LOCALIZATION_PREFERS_STRING_CATALOGS = YES;
				MTL_ENABLE_DEBUG_INFO = INCLUDE_SOURCE;
				MTL_FAST_MATH = YES;
				ONLY_ACTIVE_ARCH = YES;
				SDKROOT = iphoneos;
				SWIFT_ACTIVE_COMPILATION_CONDITIONS = "DEBUG $(inherited)";
				SWIFT_OPTIMIZATION_LEVEL = "-Onone";
			};
			name = Debug;
		};
		0A32579C2AE8DED90055CE6F /* Release */ = {
			isa = XCBuildConfiguration;
			buildSettings = {
				ALWAYS_SEARCH_USER_PATHS = NO;
				ASSETCATALOG_COMPILER_GENERATE_SWIFT_ASSET_SYMBOL_EXTENSIONS = YES;
				CLANG_ANALYZER_NONNULL = YES;
				CLANG_ANALYZER_NUMBER_OBJECT_CONVERSION = YES_AGGRESSIVE;
				CLANG_CXX_LANGUAGE_STANDARD = "gnu++20";
				CLANG_ENABLE_MODULES = YES;
				CLANG_ENABLE_OBJC_ARC = YES;
				CLANG_ENABLE_OBJC_WEAK = YES;
				CLANG_WARN_BLOCK_CAPTURE_AUTORELEASING = YES;
				CLANG_WARN_BOOL_CONVERSION = YES;
				CLANG_WARN_COMMA = YES;
				CLANG_WARN_CONSTANT_CONVERSION = YES;
				CLANG_WARN_DEPRECATED_OBJC_IMPLEMENTATIONS = YES;
				CLANG_WARN_DIRECT_OBJC_ISA_USAGE = YES_ERROR;
				CLANG_WARN_DOCUMENTATION_COMMENTS = YES;
				CLANG_WARN_EMPTY_BODY = YES;
				CLANG_WARN_ENUM_CONVERSION = YES;
				CLANG_WARN_INFINITE_RECURSION = YES;
				CLANG_WARN_INT_CONVERSION = YES;
				CLANG_WARN_NON_LITERAL_NULL_CONVERSION = YES;
				CLANG_WARN_OBJC_IMPLICIT_RETAIN_SELF = YES;
				CLANG_WARN_OBJC_LITERAL_CONVERSION = YES;
				CLANG_WARN_OBJC_ROOT_CLASS = YES_ERROR;
				CLANG_WARN_QUOTED_INCLUDE_IN_FRAMEWORK_HEADER = YES;
				CLANG_WARN_RANGE_LOOP_ANALYSIS = YES;
				CLANG_WARN_STRICT_PROTOTYPES = YES;
				CLANG_WARN_SUSPICIOUS_MOVE = YES;
				CLANG_WARN_UNGUARDED_AVAILABILITY = YES_AGGRESSIVE;
				CLANG_WARN_UNREACHABLE_CODE = YES;
				CLANG_WARN__DUPLICATE_METHOD_MATCH = YES;
				COPY_PHASE_STRIP = NO;
				DEBUG_INFORMATION_FORMAT = "dwarf-with-dsym";
				ENABLE_NS_ASSERTIONS = NO;
				ENABLE_STRICT_OBJC_MSGSEND = YES;
				ENABLE_USER_SCRIPT_SANDBOXING = NO;
				GCC_C_LANGUAGE_STANDARD = gnu17;
				GCC_NO_COMMON_BLOCKS = YES;
				GCC_WARN_64_TO_32_BIT_CONVERSION = YES;
				GCC_WARN_ABOUT_RETURN_TYPE = YES_ERROR;
				GCC_WARN_UNDECLARED_SELECTOR = YES;
				GCC_WARN_UNINITIALIZED_AUTOS = YES_AGGRESSIVE;
				GCC_WARN_UNUSED_FUNCTION = YES;
				GCC_WARN_UNUSED_VARIABLE = YES;
				IPHONEOS_DEPLOYMENT_TARGET = 17.0;
				LOCALIZATION_PREFERS_STRING_CATALOGS = YES;
				MTL_ENABLE_DEBUG_INFO = NO;
				MTL_FAST_MATH = YES;
				SDKROOT = iphoneos;
				SWIFT_COMPILATION_MODE = wholemodule;
				VALIDATE_PRODUCT = YES;
			};
			name = Release;
		};
		0A32579E2AE8DED90055CE6F /* Debug */ = {
			isa = XCBuildConfiguration;
			baseConfigurationReference = 9052022BBC9AB9955249CC34 /* Pods-konmechu.debug.xcconfig */;
			buildSettings = {
				ASSETCATALOG_COMPILER_APPICON_NAME = AppIcon;
				ASSETCATALOG_COMPILER_GLOBAL_ACCENT_COLOR_NAME = AccentColor;
				CODE_SIGN_STYLE = Automatic;
				CURRENT_PROJECT_VERSION = 1;
				DEVELOPMENT_TEAM = D4B7MZD5ZU;
				GENERATE_INFOPLIST_FILE = YES;
				INFOPLIST_FILE = konmechu/Info.plist;
				INFOPLIST_KEY_NSCameraUsageDescription = "카메라로 사진 찍기";
				INFOPLIST_KEY_NSPhotoLibraryUsageDescription = "앨범에서 사진 선택";
				INFOPLIST_KEY_UIApplicationSupportsIndirectInputEvents = YES;
				INFOPLIST_KEY_UILaunchStoryboardName = LaunchScreen;
				INFOPLIST_KEY_UIMainStoryboardFile = Main;
				INFOPLIST_KEY_UISupportedInterfaceOrientations_iPad = "UIInterfaceOrientationPortrait UIInterfaceOrientationPortraitUpsideDown UIInterfaceOrientationLandscapeLeft UIInterfaceOrientationLandscapeRight";
				INFOPLIST_KEY_UISupportedInterfaceOrientations_iPhone = "UIInterfaceOrientationPortrait UIInterfaceOrientationLandscapeLeft UIInterfaceOrientationLandscapeRight";
				IPHONEOS_DEPLOYMENT_TARGET = 16.0;
				LD_RUNPATH_SEARCH_PATHS = (
					"$(inherited)",
					"@executable_path/Frameworks",
				);
				MARKETING_VERSION = 1.0;
				PRODUCT_BUNDLE_IDENTIFIER = encoreJeong.konmechu;
				PRODUCT_NAME = "$(TARGET_NAME)";
				SWIFT_EMIT_LOC_STRINGS = YES;
				SWIFT_VERSION = 5.0;
				TARGETED_DEVICE_FAMILY = "1,2";
			};
			name = Debug;
		};
		0A32579F2AE8DED90055CE6F /* Release */ = {
			isa = XCBuildConfiguration;
			baseConfigurationReference = 275EE35FBD15DDEB033E5C3C /* Pods-konmechu.release.xcconfig */;
			buildSettings = {
				ASSETCATALOG_COMPILER_APPICON_NAME = AppIcon;
				ASSETCATALOG_COMPILER_GLOBAL_ACCENT_COLOR_NAME = AccentColor;
				CODE_SIGN_STYLE = Automatic;
				CURRENT_PROJECT_VERSION = 1;
				DEVELOPMENT_TEAM = D4B7MZD5ZU;
				GENERATE_INFOPLIST_FILE = YES;
				INFOPLIST_FILE = konmechu/Info.plist;
				INFOPLIST_KEY_NSCameraUsageDescription = "카메라로 사진 찍기";
				INFOPLIST_KEY_NSPhotoLibraryUsageDescription = "앨범에서 사진 선택";
				INFOPLIST_KEY_UIApplicationSupportsIndirectInputEvents = YES;
				INFOPLIST_KEY_UILaunchStoryboardName = LaunchScreen;
				INFOPLIST_KEY_UIMainStoryboardFile = Main;
				INFOPLIST_KEY_UISupportedInterfaceOrientations_iPad = "UIInterfaceOrientationPortrait UIInterfaceOrientationPortraitUpsideDown UIInterfaceOrientationLandscapeLeft UIInterfaceOrientationLandscapeRight";
				INFOPLIST_KEY_UISupportedInterfaceOrientations_iPhone = "UIInterfaceOrientationPortrait UIInterfaceOrientationLandscapeLeft UIInterfaceOrientationLandscapeRight";
				IPHONEOS_DEPLOYMENT_TARGET = 16.0;
				LD_RUNPATH_SEARCH_PATHS = (
					"$(inherited)",
					"@executable_path/Frameworks",
				);
				MARKETING_VERSION = 1.0;
				PRODUCT_BUNDLE_IDENTIFIER = encoreJeong.konmechu;
				PRODUCT_NAME = "$(TARGET_NAME)";
				SWIFT_EMIT_LOC_STRINGS = YES;
				SWIFT_VERSION = 5.0;
				TARGETED_DEVICE_FAMILY = "1,2";
			};
			name = Release;
		};
/* End XCBuildConfiguration section */

/* Begin XCConfigurationList section */
		0A3257842AE8DED80055CE6F /* Build configuration list for PBXProject "konmechu" */ = {
			isa = XCConfigurationList;
			buildConfigurations = (
				0A32579B2AE8DED90055CE6F /* Debug */,
				0A32579C2AE8DED90055CE6F /* Release */,
			);
			defaultConfigurationIsVisible = 0;
			defaultConfigurationName = Release;
		};
		0A32579D2AE8DED90055CE6F /* Build configuration list for PBXNativeTarget "konmechu" */ = {
			isa = XCConfigurationList;
			buildConfigurations = (
				0A32579E2AE8DED90055CE6F /* Debug */,
				0A32579F2AE8DED90055CE6F /* Release */,
			);
			defaultConfigurationIsVisible = 0;
			defaultConfigurationName = Release;
		};
/* End XCConfigurationList section */
	};
	rootObject = 0A3257812AE8DED80055CE6F /* Project object */;
}
